
Microsoft Visual Studio Solution File, Format Version 12.00
# Visual Studio Version 16
VisualStudioVersion = 16.0.31129.286
MinimumVisualStudioVersion = 10.0.40219.1
Project("{FAE04EC0-301F-11D3-BF4B-00C04F79EFBC}") = "CRUD-BackendAPI", "CRUD-BackendAPI\CRUD-BackendAPI.csproj", "{BAA4C528-985F-4136-A50A-4BF938631E83}"
EndProject
Global
	GlobalSection(SolutionConfigurationPlatforms) = preSolution
		Debug|Any CPU = Debug|Any CPU
		Release|Any CPU = Release|Any CPU
	EndGlobalSection
	GlobalSection(ProjectConfigurationPlatforms) = postSolution
		{BAA4C528-985F-4136-A50A-4BF938631E83}.Debug|Any CPU.ActiveCfg = Debug|Any CPU
		{BAA4C528-985F-4136-A50A-4BF938631E83}.Debug|Any CPU.Build.0 = Debug|Any CPU
		{BAA4C528-985F-4136-A50A-4BF938631E83}.Release|Any CPU.ActiveCfg = Release|Any CPU
		{BAA4C528-985F-4136-A50A-4BF938631E83}.Release|Any CPU.Build.0 = Release|Any CPU
	EndGlobalSection
	GlobalSection(SolutionProperties) = preSolution
		HideSolutionNode = FALSE
	EndGlobalSection
	GlobalSection(ExtensibilityGlobals) = postSolution
		SolutionGuid = {A26C7690-51B7-4A05-8900-B92CB3B968EA}
	EndGlobalSection
EndGlobal
